
Microsoft Visual Studio Solution File, Format Version 12.00
# Visual Studio Version 17
VisualStudioVersion = 17.0.31903.59
MinimumVisualStudioVersion = 10.0.40219.1
Project("{2150E333-8FDC-42A3-9474-1A3956D46DE8}") = "Solution Items", "Solution Items", "{1C054831-7EDC-4320-9460-8A8EADDC3DF3}"
	ProjectSection(SolutionItems) = preProject
		AppCast.xml = AppCast.xml
		VersionHistory.md = VersionHistory.md
	EndProjectSection
EndProject
Project("{9A19103F-16F7-4668-BE54-9A1E7A4F7556}") = "SprintPlanner.WpfApp", "SprintPlanner.WpfApp\SprintPlanner.WpfApp.csproj", "{D92099C6-D0F1-4145-AE02-FA8F7AE6E62B}"
EndProject
Project("{9A19103F-16F7-4668-BE54-9A1E7A4F7556}") = "SprintPlanner.FrameworkWPF", "SprintPlanner.FrameworkWPF\SprintPlanner.FrameworkWPF.csproj", "{09757450-6D40-4B09-96E1-C4AF4C60AA5C}"
EndProject
Project("{9A19103F-16F7-4668-BE54-9A1E7A4F7556}") = "SprintPlanner.Core", "SprintPlanner.Core\SprintPlanner.Core.csproj", "{13782586-B0A6-4092-A4F5-E5D097EEE62F}"
EndProject
Project("{54435603-DBB4-11D2-8724-00A0C9A8B90C}") = "SprintPlanner.Installer", "SprintPlanner.Installer\SprintPlanner.Installer.vdproj", "{01B922D1-876D-4248-8AF1-24D6ED73BF93}"
EndProject
Global
	GlobalSection(SolutionConfigurationPlatforms) = preSolution
		Debug OFFLINE|Any CPU = Debug OFFLINE|Any CPU
		Debug|Any CPU = Debug|Any CPU
		Release|Any CPU = Release|Any CPU
	EndGlobalSection
	GlobalSection(ProjectConfigurationPlatforms) = postSolution
		{D92099C6-D0F1-4145-AE02-FA8F7AE6E62B}.Debug OFFLINE|Any CPU.ActiveCfg = Debug OFFLINE|Any CPU
		{D92099C6-D0F1-4145-AE02-FA8F7AE6E62B}.Debug OFFLINE|Any CPU.Build.0 = Debug OFFLINE|Any CPU
		{D92099C6-D0F1-4145-AE02-FA8F7AE6E62B}.Debug|Any CPU.ActiveCfg = Debug|Any CPU
		{D92099C6-D0F1-4145-AE02-FA8F7AE6E62B}.Debug|Any CPU.Build.0 = Debug|Any CPU
		{D92099C6-D0F1-4145-AE02-FA8F7AE6E62B}.Release|Any CPU.ActiveCfg = Release|Any CPU
		{D92099C6-D0F1-4145-AE02-FA8F7AE6E62B}.Release|Any CPU.Build.0 = Release|Any CPU
		{09757450-6D40-4B09-96E1-C4AF4C60AA5C}.Debug OFFLINE|Any CPU.ActiveCfg = Debug|Any CPU
		{09757450-6D40-4B09-96E1-C4AF4C60AA5C}.Debug OFFLINE|Any CPU.Build.0 = Debug|Any CPU
		{09757450-6D40-4B09-96E1-C4AF4C60AA5C}.Debug|Any CPU.ActiveCfg = Debug|Any CPU
		{09757450-6D40-4B09-96E1-C4AF4C60AA5C}.Debug|Any CPU.Build.0 = Debug|Any CPU
		{09757450-6D40-4B09-96E1-C4AF4C60AA5C}.Release|Any CPU.ActiveCfg = Release|Any CPU
		{09757450-6D40-4B09-96E1-C4AF4C60AA5C}.Release|Any CPU.Build.0 = Release|Any CPU
		{13782586-B0A6-4092-A4F5-E5D097EEE62F}.Debug OFFLINE|Any CPU.ActiveCfg = Debug|Any CPU
		{13782586-B0A6-4092-A4F5-E5D097EEE62F}.Debug OFFLINE|Any CPU.Build.0 = Debug|Any CPU
		{13782586-B0A6-4092-A4F5-E5D097EEE62F}.Debug|Any CPU.ActiveCfg = Debug|Any CPU
		{13782586-B0A6-4092-A4F5-E5D097EEE62F}.Debug|Any CPU.Build.0 = Debug|Any CPU
		{13782586-B0A6-4092-A4F5-E5D097EEE62F}.Release|Any CPU.ActiveCfg = Release|Any CPU
		{13782586-B0A6-4092-A4F5-E5D097EEE62F}.Release|Any CPU.Build.0 = Release|Any CPU
		{01B922D1-876D-4248-8AF1-24D6ED73BF93}.Debug OFFLINE|Any CPU.ActiveCfg = Debug
		{01B922D1-876D-4248-8AF1-24D6ED73BF93}.Debug OFFLINE|Any CPU.Build.0 = Debug
		{01B922D1-876D-4248-8AF1-24D6ED73BF93}.Debug|Any CPU.ActiveCfg = Debug
		{01B922D1-876D-4248-8AF1-24D6ED73BF93}.Release|Any CPU.ActiveCfg = Release
		{01B922D1-876D-4248-8AF1-24D6ED73BF93}.Release|Any CPU.Build.0 = Release
	EndGlobalSection
	GlobalSection(SolutionProperties) = preSolution
		HideSolutionNode = FALSE
	EndGlobalSection
	GlobalSection(ExtensibilityGlobals) = postSolution
		SolutionGuid = {BA687F65-1EE1-402A-A94E-FE5E44D27C68}
	EndGlobalSection
EndGlobal
